3244283664895764736
cista 950f96f4ded53a6b5753824b280550b722933e55
zlib-ng 68ab3e2d80253ec5dc3c83691d9ff70477b32cd3
boost 930f38eb0365ceb7853273e03da4d9e7787abfb9
doctest 70e8f76437b76dd5e9c0a2eb9b907df190ab71a0
fmt edb385ac526c24bc917ec4a41bb0edb28f0ca59e
googletest 34a46558609e05865c197f0260ab36daa7cbbb6e
utl 77aac494c45d2b070e65fe712abc34ac74a91d0f
geo 0a14addf42e91b267906a156c9c2564935c03eaf
protozero 8c9f3fa97c2cfdceef86d0b61818ae98e9328f29
